
Microsoft Visual Studio Solution File, Format Version 12.00
# Visual Studio Version 17
VisualStudioVersion = 17.13.35931.197
MinimumVisualStudioVersion = 10.0.40219.1
Project("{FAE04EC0-301F-11D3-BF4B-00C04F79EFBC}") = "Muscat international Airport_Assignment", "Muscat international Airport_Assignment\Muscat international Airport_Assignment.csproj", "{55C2936B-9A56-4A1E-9B5D-EAD6BB4F2A01}"
EndProject
Global
	GlobalSection(SolutionConfigurationPlatforms) = preSolution
		Debug|Any CPU = Debug|Any CPU
		Release|Any CPU = Release|Any CPU
	EndGlobalSection
	GlobalSection(ProjectConfigurationPlatforms) = postSolution
		{55C2936B-9A56-4A1E-9B5D-EAD6BB4F2A01}.Debug|Any CPU.ActiveCfg = Debug|Any CPU
		{55C2936B-9A56-4A1E-9B5D-EAD6BB4F2A01}.Debug|Any CPU.Build.0 = Debug|Any CPU
		{55C2936B-9A56-4A1E-9B5D-EAD6BB4F2A01}.Release|Any CPU.ActiveCfg = Release|Any CPU
		{55C2936B-9A56-4A1E-9B5D-EAD6BB4F2A01}.Release|Any CPU.Build.0 = Release|Any CPU
	EndGlobalSection
	GlobalSection(SolutionProperties) = preSolution
		HideSolutionNode = FALSE
	EndGlobalSection
	GlobalSection(ExtensibilityGlobals) = postSolution
		SolutionGuid = {299BC48D-914D-4FE6-AD0B-D77E729E9FA2}
	EndGlobalSection
EndGlobal
