
Microsoft Visual Studio Solution File, Format Version 12.00
# Visual Studio Version 17
VisualStudioVersion = 17.13.35931.197 d17.13
MinimumVisualStudioVersion = 10.0.40219.1
Project("{FAE04EC0-301F-11D3-BF4B-00C04F79EFBC}") = "day8.1", "day8.1.csproj", "{83E3E225-8375-4320-ABDC-4A2E3211AF6D}"
EndProject
Global
	GlobalSection(SolutionConfigurationPlatforms) = preSolution
		Debug|Any CPU = Debug|Any CPU
		Release|Any CPU = Release|Any CPU
	EndGlobalSection
	GlobalSection(ProjectConfigurationPlatforms) = postSolution
		{83E3E225-8375-4320-ABDC-4A2E3211AF6D}.Debug|Any CPU.ActiveCfg = Debug|Any CPU
		{83E3E225-8375-4320-ABDC-4A2E3211AF6D}.Debug|Any CPU.Build.0 = Debug|Any CPU
		{83E3E225-8375-4320-ABDC-4A2E3211AF6D}.Release|Any CPU.ActiveCfg = Release|Any CPU
		{83E3E225-8375-4320-ABDC-4A2E3211AF6D}.Release|Any CPU.Build.0 = Release|Any CPU
	EndGlobalSection
	GlobalSection(SolutionProperties) = preSolution
		HideSolutionNode = FALSE
	EndGlobalSection
	GlobalSection(ExtensibilityGlobals) = postSolution
		SolutionGuid = {D7CE5B73-05D2-49DD-9106-690716006A69}
	EndGlobalSection
EndGlobal
