
Microsoft Visual Studio Solution File, Format Version 12.00
# Visual Studio Version 17
VisualStudioVersion = 17.13.35931.197 d17.13
MinimumVisualStudioVersion = 10.0.40219.1
Project("{FAE04EC0-301F-11D3-BF4B-00C04F79EFBC}") = "Student Grade Tracker (Easy-Medium)", "Student Grade Tracker (Easy-Medium).csproj", "{9E0E8803-B793-4E5F-95CF-C523E8328BEF}"
EndProject
Global
	GlobalSection(SolutionConfigurationPlatforms) = preSolution
		Debug|Any CPU = Debug|Any CPU
		Release|Any CPU = Release|Any CPU
	EndGlobalSection
	GlobalSection(ProjectConfigurationPlatforms) = postSolution
		{9E0E8803-B793-4E5F-95CF-C523E8328BEF}.Debug|Any CPU.ActiveCfg = Debug|Any CPU
		{9E0E8803-B793-4E5F-95CF-C523E8328BEF}.Debug|Any CPU.Build.0 = Debug|Any CPU
		{9E0E8803-B793-4E5F-95CF-C523E8328BEF}.Release|Any CPU.ActiveCfg = Release|Any CPU
		{9E0E8803-B793-4E5F-95CF-C523E8328BEF}.Release|Any CPU.Build.0 = Release|Any CPU
	EndGlobalSection
	GlobalSection(SolutionProperties) = preSolution
		HideSolutionNode = FALSE
	EndGlobalSection
	GlobalSection(ExtensibilityGlobals) = postSolution
		SolutionGuid = {85491593-0659-41C5-9F57-993E7317F64B}
	EndGlobalSection
EndGlobal
