
Microsoft Visual Studio Solution File, Format Version 12.00
# Visual Studio Version 17
VisualStudioVersion = 17.13.35931.197 d17.13
MinimumVisualStudioVersion = 10.0.40219.1
Project("{FAE04EC0-301F-11D3-BF4B-00C04F79EFBC}") = "Library Book Borrowing System", "Library Book Borrowing System.csproj", "{0CFB69AE-F1EE-4632-9025-4F69AC040EE6}"
EndProject
Global
	GlobalSection(SolutionConfigurationPlatforms) = preSolution
		Debug|Any CPU = Debug|Any CPU
		Release|Any CPU = Release|Any CPU
	EndGlobalSection
	GlobalSection(ProjectConfigurationPlatforms) = postSolution
		{0CFB69AE-F1EE-4632-9025-4F69AC040EE6}.Debug|Any CPU.ActiveCfg = Debug|Any CPU
		{0CFB69AE-F1EE-4632-9025-4F69AC040EE6}.Debug|Any CPU.Build.0 = Debug|Any CPU
		{0CFB69AE-F1EE-4632-9025-4F69AC040EE6}.Release|Any CPU.ActiveCfg = Release|Any CPU
		{0CFB69AE-F1EE-4632-9025-4F69AC040EE6}.Release|Any CPU.Build.0 = Release|Any CPU
	EndGlobalSection
	GlobalSection(SolutionProperties) = preSolution
		HideSolutionNode = FALSE
	EndGlobalSection
	GlobalSection(ExtensibilityGlobals) = postSolution
		SolutionGuid = {E261054A-18FD-4D64-B0DE-E12B797FA6C8}
	EndGlobalSection
EndGlobal
