
Microsoft Visual Studio Solution File, Format Version 12.00
# Visual Studio Version 17
VisualStudioVersion = 17.13.35931.197 d17.13
MinimumVisualStudioVersion = 10.0.40219.1
Project("{FAE04EC0-301F-11D3-BF4B-00C04F79EFBC}") = "Q2", "Q2.csproj", "{524458B1-C149-4BD8-99DF-6A79D9001F16}"
EndProject
Global
	GlobalSection(SolutionConfigurationPlatforms) = preSolution
		Debug|Any CPU = Debug|Any CPU
		Release|Any CPU = Release|Any CPU
	EndGlobalSection
	GlobalSection(ProjectConfigurationPlatforms) = postSolution
		{524458B1-C149-4BD8-99DF-6A79D9001F16}.Debug|Any CPU.ActiveCfg = Debug|Any CPU
		{524458B1-C149-4BD8-99DF-6A79D9001F16}.Debug|Any CPU.Build.0 = Debug|Any CPU
		{524458B1-C149-4BD8-99DF-6A79D9001F16}.Release|Any CPU.ActiveCfg = Release|Any CPU
		{524458B1-C149-4BD8-99DF-6A79D9001F16}.Release|Any CPU.Build.0 = Release|Any CPU
	EndGlobalSection
	GlobalSection(SolutionProperties) = preSolution
		HideSolutionNode = FALSE
	EndGlobalSection
	GlobalSection(ExtensibilityGlobals) = postSolution
		SolutionGuid = {6BC059CB-C306-43A2-AE18-2B6500520DDB}
	EndGlobalSection
EndGlobal
