
Microsoft Visual Studio Solution File, Format Version 12.00
# Visual Studio Version 17
VisualStudioVersion = 17.13.35931.197 d17.13
MinimumVisualStudioVersion = 10.0.40219.1
Project("{FAE04EC0-301F-11D3-BF4B-00C04F79EFBC}") = "E-Commerce Order System (Medium)", "E-Commerce Order System (Medium).csproj", "{1159D20F-21ED-4A61-8AB9-F3C37A051E60}"
EndProject
Global
	GlobalSection(SolutionConfigurationPlatforms) = preSolution
		Debug|Any CPU = Debug|Any CPU
		Release|Any CPU = Release|Any CPU
	EndGlobalSection
	GlobalSection(ProjectConfigurationPlatforms) = postSolution
		{1159D20F-21ED-4A61-8AB9-F3C37A051E60}.Debug|Any CPU.ActiveCfg = Debug|Any CPU
		{1159D20F-21ED-4A61-8AB9-F3C37A051E60}.Debug|Any CPU.Build.0 = Debug|Any CPU
		{1159D20F-21ED-4A61-8AB9-F3C37A051E60}.Release|Any CPU.ActiveCfg = Release|Any CPU
		{1159D20F-21ED-4A61-8AB9-F3C37A051E60}.Release|Any CPU.Build.0 = Release|Any CPU
	EndGlobalSection
	GlobalSection(SolutionProperties) = preSolution
		HideSolutionNode = FALSE
	EndGlobalSection
	GlobalSection(ExtensibilityGlobals) = postSolution
		SolutionGuid = {9B3520D7-98DA-4009-A344-389A3A138854}
	EndGlobalSection
EndGlobal
